
Microsoft Visual Studio Solution File, Format Version 12.00
# Visual Studio Version 17
VisualStudioVersion = 17.8.34511.84
MinimumVisualStudioVersion = 10.0.40219.1
Project("{8BC9CEB8-8B4A-11D0-8D11-00A0C91BC942}") = "functie care sa returneze restul impartire a 2 numere", "functie care sa returneze restul impartire a 2 numere.vcxproj", "{5FB4E777-5CE0-4E83-B4ED-6FC91BE6A31D}"
EndProject
Global
	GlobalSection(SolutionConfigurationPlatforms) = preSolution
		Debug|x64 = Debug|x64
		Debug|x86 = Debug|x86
		Release|x64 = Release|x64
		Release|x86 = Release|x86
	EndGlobalSection
	GlobalSection(ProjectConfigurationPlatforms) = postSolution
		{5FB4E777-5CE0-4E83-B4ED-6FC91BE6A31D}.Debug|x64.ActiveCfg = Debug|x64
		{5FB4E777-5CE0-4E83-B4ED-6FC91BE6A31D}.Debug|x64.Build.0 = Debug|x64
		{5FB4E777-5CE0-4E83-B4ED-6FC91BE6A31D}.Debug|x86.ActiveCfg = Debug|Win32
		{5FB4E777-5CE0-4E83-B4ED-6FC91BE6A31D}.Debug|x86.Build.0 = Debug|Win32
		{5FB4E777-5CE0-4E83-B4ED-6FC91BE6A31D}.Release|x64.ActiveCfg = Release|x64
		{5FB4E777-5CE0-4E83-B4ED-6FC91BE6A31D}.Release|x64.Build.0 = Release|x64
		{5FB4E777-5CE0-4E83-B4ED-6FC91BE6A31D}.Release|x86.ActiveCfg = Release|Win32
		{5FB4E777-5CE0-4E83-B4ED-6FC91BE6A31D}.Release|x86.Build.0 = Release|Win32
	EndGlobalSection
	GlobalSection(SolutionProperties) = preSolution
		HideSolutionNode = FALSE
	EndGlobalSection
	GlobalSection(ExtensibilityGlobals) = postSolution
		SolutionGuid = {C9881481-5147-4B25-B7D3-1C79D4CB9BC6}
	EndGlobalSection
EndGlobal
